// !$*UTF8*$!
{
	archiveVersion = 1;
	classes = {
	};
	objectVersion = 50;
	objects = {

/* Begin PBXBuildFile section */
		050555B422973200002B0575 /* PhotoViewController.swift in Sources */ = {isa = PBXBuildFile; fileRef = 050555B322973200002B0575 /* PhotoViewController.swift */; };
		050555B62297327C002B0575 /* PhotoCell.swift in Sources */ = {isa = PBXBuildFile; fileRef = 050555B52297327C002B0575 /* PhotoCell.swift */; };
		050555BB229A975B002B0575 /* AvatarView.swift in Sources */ = {isa = PBXBuildFile; fileRef = 050555BA229A975B002B0575 /* AvatarView.swift */; };
		050555BF229AF5C9002B0575 /* LikesControl.swift in Sources */ = {isa = PBXBuildFile; fileRef = 050555BE229AF5C9002B0575 /* LikesControl.swift */; };
		0520C9EA2290113800C04D76 /* FriendsViewController.swift in Sources */ = {isa = PBXBuildFile; fileRef = 0520C9E92290113800C04D76 /* FriendsViewController.swift */; };
		0520C9EC2290129900C04D76 /* GroupViewController.swift in Sources */ = {isa = PBXBuildFile; fileRef = 0520C9EB2290129900C04D76 /* GroupViewController.swift */; };
		0520C9EF229018BF00C04D76 /* UserCell.swift in Sources */ = {isa = PBXBuildFile; fileRef = 0520C9EE229018BF00C04D76 /* UserCell.swift */; };
		0520C9F1229018E500C04D76 /* GroupCell.swift in Sources */ = {isa = PBXBuildFile; fileRef = 0520C9F0229018E500C04D76 /* GroupCell.swift */; };
		0520C9F622901BE900C04D76 /* FindGroupViewController.swift in Sources */ = {isa = PBXBuildFile; fileRef = 0520C9F522901BE900C04D76 /* FindGroupViewController.swift */; };
		0589AA07228BF0FC00B04176 /* AppDelegate.swift in Sources */ = {isa = PBXBuildFile; fileRef = 0589AA06228BF0FC00B04176 /* AppDelegate.swift */; };
		0589AA0C228BF0FC00B04176 /* Main.storyboard in Resources */ = {isa = PBXBuildFile; fileRef = 0589AA0A228BF0FC00B04176 /* Main.storyboard */; };
		0589AA0E228BF10100B04176 /* Assets.xcassets in Resources */ = {isa = PBXBuildFile; fileRef = 0589AA0D228BF10100B04176 /* Assets.xcassets */; };
		0589AA11228BF10100B04176 /* LaunchScreen.storyboard in Resources */ = {isa = PBXBuildFile; fileRef = 0589AA0F228BF10100B04176 /* LaunchScreen.storyboard */; };
		0589AA19228BF4C300B04176 /* MainViewController.swift in Sources */ = {isa = PBXBuildFile; fileRef = 0589AA18228BF4C300B04176 /* MainViewController.swift */; };
		059E19B4229526DF00651FF2 /* GroupModel.swift in Sources */ = {isa = PBXBuildFile; fileRef = 059E19B3229526DF00651FF2 /* GroupModel.swift */; };
		059E19B72295283E00651FF2 /* UserModel.swift in Sources */ = {isa = PBXBuildFile; fileRef = 059E19B62295283E00651FF2 /* UserModel.swift */; };
/* End PBXBuildFile section */

/* Begin PBXFileReference section */
		050555B322973200002B0575 /* PhotoViewController.swift */ = {isa = PBXFileReference; lastKnownFileType = sourcecode.swift; path = PhotoViewController.swift; sourceTree = "<group>"; };
		050555B52297327C002B0575 /* PhotoCell.swift */ = {isa = PBXFileReference; lastKnownFileType = sourcecode.swift; path = PhotoCell.swift; sourceTree = "<group>"; };
		050555BA229A975B002B0575 /* AvatarView.swift */ = {isa = PBXFileReference; lastKnownFileType = sourcecode.swift; path = AvatarView.swift; sourceTree = "<group>"; };
		050555BE229AF5C9002B0575 /* LikesControl.swift */ = {isa = PBXFileReference; lastKnownFileType = sourcecode.swift; path = LikesControl.swift; sourceTree = "<group>"; };
		0520C9E92290113800C04D76 /* FriendsViewController.swift */ = {isa = PBXFileReference; lastKnownFileType = sourcecode.swift; path = FriendsViewController.swift; sourceTree = "<group>"; };
		0520C9EB2290129900C04D76 /* GroupViewController.swift */ = {isa = PBXFileReference; lastKnownFileType = sourcecode.swift; path = GroupViewController.swift; sourceTree = "<group>"; };
		0520C9EE229018BF00C04D76 /* UserCell.swift */ = {isa = PBXFileReference; lastKnownFileType = sourcecode.swift; path = UserCell.swift; sourceTree = "<group>"; };
		0520C9F0229018E500C04D76 /* GroupCell.swift */ = {isa = PBXFileReference; lastKnownFileType = sourcecode.swift; path = GroupCell.swift; sourceTree = "<group>"; };
		0520C9F522901BE900C04D76 /* FindGroupViewController.swift */ = {isa = PBXFileReference; lastKnownFileType = sourcecode.swift; path = FindGroupViewController.swift; sourceTree = "<group>"; };
		0589AA03228BF0FC00B04176 /* vk.pro.app */ = {isa = PBXFileReference; explicitFileType = wrapper.application; includeInIndex = 0; path = vk.pro.app; sourceTree = BUILT_PRODUCTS_DIR; };
		0589AA06228BF0FC00B04176 /* AppDelegate.swift */ = {isa = PBXFileReference; lastKnownFileType = sourcecode.swift; path = AppDelegate.swift; sourceTree = "<group>"; };
		0589AA0B228BF0FC00B04176 /* Base */ = {isa = PBXFileReference; lastKnownFileType = file.storyboard; name = Base; path = Base.lproj/Main.storyboard; sourceTree = "<group>"; };
		0589AA0D228BF10100B04176 /* Assets.xcassets */ = {isa = PBXFileReference; lastKnownFileType = folder.assetcatalog; path = Assets.xcassets; sourceTree = "<group>"; };
		0589AA10228BF10100B04176 /* Base */ = {isa = PBXFileReference; lastKnownFileType = file.storyboard; name = Base; path = Base.lproj/LaunchScreen.storyboard; sourceTree = "<group>"; };
		0589AA12228BF10100B04176 /* Info.plist */ = {isa = PBXFileReference; lastKnownFileType = text.plist.xml; path = Info.plist; sourceTree = "<group>"; };
		0589AA18228BF4C300B04176 /* MainViewController.swift */ = {isa = PBXFileReference; lastKnownFileType = sourcecode.swift; path = MainViewController.swift; sourceTree = "<group>"; };
		059E19B3229526DF00651FF2 /* GroupModel.swift */ = {isa = PBXFileReference; lastKnownFileType = sourcecode.swift; path = GroupModel.swift; sourceTree = "<group>"; };
		059E19B62295283E00651FF2 /* UserModel.swift */ = {isa = PBXFileReference; lastKnownFileType = sourcecode.swift; path = UserModel.swift; sourceTree = "<group>"; };
/* End PBXFileReference section */

/* Begin PBXFrameworksBuildPhase section */
		0589AA00228BF0FC00B04176 /* Frameworks */ = {
			isa = PBXFrameworksBuildPhase;
			buildActionMask = 2147483647;
			files = (
			);
			runOnlyForDeploymentPostprocessing = 0;
		};
/* End PBXFrameworksBuildPhase section */

/* Begin PBXGroup section */
		050555B9229A94FE002B0575 /* Views */ = {
			isa = PBXGroup;
			children = (
				050555BA229A975B002B0575 /* AvatarView.swift */,
			);
			path = Views;
			sourceTree = "<group>";
		};
		0520C9ED229012B400C04D76 /* Controllers */ = {
			isa = PBXGroup;
			children = (
				0520C9EB2290129900C04D76 /* GroupViewController.swift */,
				0589AA18228BF4C300B04176 /* MainViewController.swift */,
				0520C9E92290113800C04D76 /* FriendsViewController.swift */,
				0520C9F522901BE900C04D76 /* FindGroupViewController.swift */,
				050555B322973200002B0575 /* PhotoViewController.swift */,
			);
			path = Controllers;
			sourceTree = "<group>";
		};
		0520C9F2229019E200C04D76 /* Cells */ = {
			isa = PBXGroup;
			children = (
				0520C9EE229018BF00C04D76 /* UserCell.swift */,
				0520C9F0229018E500C04D76 /* GroupCell.swift */,
				050555B52297327C002B0575 /* PhotoCell.swift */,
			);
			path = Cells;
			sourceTree = "<group>";
		};
		0589A9FA228BF0FC00B04176 = {
			isa = PBXGroup;
			children = (
				0589AA05228BF0FC00B04176 /* vk.pro */,
				0589AA04228BF0FC00B04176 /* Products */,
			);
			sourceTree = "<group>";
		};
		0589AA04228BF0FC00B04176 /* Products */ = {
			isa = PBXGroup;
			children = (
				0589AA03228BF0FC00B04176 /* vk.pro.app */,
			);
			name = Products;
			sourceTree = "<group>";
		};
		0589AA05228BF0FC00B04176 /* vk.pro */ = {
			isa = PBXGroup;
			children = (
				0589AA06228BF0FC00B04176 /* AppDelegate.swift */,
				050555B9229A94FE002B0575 /* Views */,
				059E19B52295275700651FF2 /* Models */,
				0589AA0A228BF0FC00B04176 /* Main.storyboard */,
				0520C9F2229019E200C04D76 /* Cells */,
				0520C9ED229012B400C04D76 /* Controllers */,
				0589AA0D228BF10100B04176 /* Assets.xcassets */,
				0589AA0F228BF10100B04176 /* LaunchScreen.storyboard */,
				0589AA12228BF10100B04176 /* Info.plist */,
				050555BE229AF5C9002B0575 /* LikesControl.swift */,
			);
			path = vk.pro;
			sourceTree = "<group>";
		};
		059E19B52295275700651FF2 /* Models */ = {
			isa = PBXGroup;
			children = (
				059E19B3229526DF00651FF2 /* GroupModel.swift */,
				059E19B62295283E00651FF2 /* UserModel.swift */,
			);
			path = Models;
			sourceTree = "<group>";
		};
/* End PBXGroup section */

/* Begin PBXNativeTarget section */
		0589AA02228BF0FC00B04176 /* vk.pro */ = {
			isa = PBXNativeTarget;
			buildConfigurationList = 0589AA15228BF10100B04176 /* Build configuration list for PBXNativeTarget "vk.pro" */;
			buildPhases = (
				0589A9FF228BF0FC00B04176 /* Sources */,
				0589AA00228BF0FC00B04176 /* Frameworks */,
				0589AA01228BF0FC00B04176 /* Resources */,
			);
			buildRules = (
			);
			dependencies = (
			);
			name = vk.pro;
			productName = vk.pro;
			productReference = 0589AA03228BF0FC00B04176 /* vk.pro.app */;
			productType = "com.apple.product-type.application";
		};
/* End PBXNativeTarget section */

/* Begin PBXProject section */
		0589A9FB228BF0FC00B04176 /* Project object */ = {
			isa = PBXProject;
			attributes = {
				LastSwiftUpdateCheck = 1020;
				LastUpgradeCheck = 1020;
				ORGANIZATIONNAME = Nikota;
				TargetAttributes = {
					0589AA02228BF0FC00B04176 = {
						CreatedOnToolsVersion = 10.2.1;
					};
				};
			};
			buildConfigurationList = 0589A9FE228BF0FC00B04176 /* Build configuration list for PBXProject "vk.pro" */;
			compatibilityVersion = "Xcode 9.3";
			developmentRegion = en;
			hasScannedForEncodings = 0;
			knownRegions = (
				en,
				Base,
			);
			mainGroup = 0589A9FA228BF0FC00B04176;
			productRefGroup = 0589AA04228BF0FC00B04176 /* Products */;
			projectDirPath = "";
			projectRoot = "";
			targets = (
				0589AA02228BF0FC00B04176 /* vk.pro */,
			);
		};
/* End PBXProject section */

/* Begin PBXResourcesBuildPhase section */
		0589AA01228BF0FC00B04176 /* Resources */ = {
			isa = PBXResourcesBuildPhase;
			buildActionMask = 2147483647;
			files = (
				0589AA11228BF10100B04176 /* LaunchScreen.storyboard in Resources */,
				0589AA0E228BF10100B04176 /* Assets.xcassets in Resources */,
				0589AA0C228BF0FC00B04176 /* Main.storyboard in Resources */,
			);
			runOnlyForDeploymentPostprocessing = 0;
		};
/* End PBXResourcesBuildPhase section */

/* Begin PBXSourcesBuildPhase section */
		0589A9FF228BF0FC00B04176 /* Sources */ = {
			isa = PBXSourcesBuildPhase;
			buildActionMask = 2147483647;
			files = (
				059E19B4229526DF00651FF2 /* GroupModel.swift in Sources */,
				050555BB229A975B002B0575 /* AvatarView.swift in Sources */,
				059E19B72295283E00651FF2 /* UserModel.swift in Sources */,
				0520C9EC2290129900C04D76 /* GroupViewController.swift in Sources */,
				050555BF229AF5C9002B0575 /* LikesControl.swift in Sources */,
				0589AA19228BF4C300B04176 /* MainViewController.swift in Sources */,
				0520C9EF229018BF00C04D76 /* UserCell.swift in Sources */,
				0520C9F1229018E500C04D76 /* GroupCell.swift in Sources */,
				0520C9F622901BE900C04D76 /* FindGroupViewController.swift in Sources */,
				0520C9EA2290113800C04D76 /* FriendsViewController.swift in Sources */,
				0589AA07228BF0FC00B04176 /* AppDelegate.swift in Sources */,
				050555B422973200002B0575 /* PhotoViewController.swift in Sources */,
				050555B62297327C002B0575 /* PhotoCell.swift in Sources */,
			);
			runOnlyForDeploymentPostprocessing = 0;
		};
/* End PBXSourcesBuildPhase section */

/* Begin PBXVariantGroup section */
		0589AA0A228BF0FC00B04176 /* Main.storyboard */ = {
			isa = PBXVariantGroup;
			children = (
				0589AA0B228BF0FC00B04176 /* Base */,
			);
			name = Main.storyboard;
			sourceTree = "<group>";
		};
		0589AA0F228BF10100B04176 /* LaunchScreen.storyboard */ = {
			isa = PBXVariantGroup;
			children = (
				0589AA10228BF10100B04176 /* Base */,
			);
			name = LaunchScreen.storyboard;
			sourceTree = "<group>";
		};
/* End PBXVariantGroup section */

/* Begin XCBuildConfiguration section */
		0589AA13228BF10100B04176 /* Debug */ = {
			isa = XCBuildConfiguration;
			buildSettings = {
				ALWAYS_SEARCH_USER_PATHS = NO;
				CLANG_ANALYZER_NONNULL = YES;
				CLANG_ANALYZER_NUMBER_OBJECT_CONVERSION = YES_AGGRESSIVE;
				CLANG_CXX_LANGUAGE_STANDARD = "gnu++14";
				CLANG_CXX_LIBRARY = "libc++";
				CLANG_ENABLE_MODULES = YES;
				CLANG_ENABLE_OBJC_ARC = YES;
				CLANG_ENABLE_OBJC_WEAK = YES;
				CLANG_WARN_BLOCK_CAPTURE_AUTORELEASING = YES;
				CLANG_WARN_BOOL_CONVERSION = YES;
				CLANG_WARN_COMMA = YES;
				CLANG_WARN_CONSTANT_CONVERSION = YES;
				CLANG_WARN_DEPRECATED_OBJC_IMPLEMENTATIONS = YES;
				CLANG_WARN_DIRECT_OBJC_ISA_USAGE = YES_ERROR;
				CLANG_WARN_DOCUMENTATION_COMMENTS = YES;
				CLANG_WARN_EMPTY_BODY = YES;
				CLANG_WARN_ENUM_CONVERSION = YES;
				CLANG_WARN_INFINITE_RECURSION = YES;
				CLANG_WARN_INT_CONVERSION = YES;
				CLANG_WARN_NON_LITERAL_NULL_CONVERSION = YES;
				CLANG_WARN_OBJC_IMPLICIT_RETAIN_SELF = YES;
				CLANG_WARN_OBJC_LITERAL_CONVERSION = YES;
				CLANG_WARN_OBJC_ROOT_CLASS = YES_ERROR;
				CLANG_WARN_RANGE_LOOP_ANALYSIS = YES;
				CLANG_WARN_STRICT_PROTOTYPES = YES;
				CLANG_WARN_SUSPICIOUS_MOVE = YES;
				CLANG_WARN_UNGUARDED_AVAILABILITY = YES_AGGRESSIVE;
				CLANG_WARN_UNREACHABLE_CODE = YES;
				CLANG_WARN__DUPLICATE_METHOD_MATCH = YES;
				CODE_SIGN_IDENTITY = "iPhone Developer";
				COPY_PHASE_STRIP = NO;
				DEBUG_INFORMATION_FORMAT = dwarf;
				ENABLE_STRICT_OBJC_MSGSEND = YES;
				ENABLE_TESTABILITY = YES;
				GCC_C_LANGUAGE_STANDARD = gnu11;
				GCC_DYNAMIC_NO_PIC = NO;
				GCC_NO_COMMON_BLOCKS = YES;
				GCC_OPTIMIZATION_LEVEL = 0;
				GCC_PREPROCESSOR_DEFINITIONS = (
					"DEBUG=1",
					"$(inherited)",
				);
				GCC_WARN_64_TO_32_BIT_CONVERSION = YES;
				GCC_WARN_ABOUT_RETURN_TYPE = YES_ERROR;
				GCC_WARN_UNDECLARED_SELECTOR = YES;
				GCC_WARN_UNINITIALIZED_AUTOS = YES_AGGRESSIVE;
				GCC_WARN_UNUSED_FUNCTION = YES;
				GCC_WARN_UNUSED_VARIABLE = YES;
				IPHONEOS_DEPLOYMENT_TARGET = 12.2;
				MTL_ENABLE_DEBUG_INFO = INCLUDE_SOURCE;
				MTL_FAST_MATH = YES;
				ONLY_ACTIVE_ARCH = YES;
				SDKROOT = iphoneos;
				SWIFT_ACTIVE_COMPILATION_CONDITIONS = DEBUG;
				SWIFT_OPTIMIZATION_LEVEL = "-Onone";
			};
			name = Debug;
		};
		0589AA14228BF10100B04176 /* Release */ = {
			isa = XCBuildConfiguration;
			buildSettings = {
				ALWAYS_SEARCH_USER_PATHS = NO;
				CLANG_ANALYZER_NONNULL = YES;
				CLANG_ANALYZER_NUMBER_OBJECT_CONVERSION = YES_AGGRESSIVE;
				CLANG_CXX_LANGUAGE_STANDARD = "gnu++14";
				CLANG_CXX_LIBRARY = "libc++";
				CLANG_ENABLE_MODULES = YES;
				CLANG_ENABLE_OBJC_ARC = YES;
				CLANG_ENABLE_OBJC_WEAK = YES;
				CLANG_WARN_BLOCK_CAPTURE_AUTORELEASING = YES;
				CLANG_WARN_BOOL_CONVERSION = YES;
				CLANG_WARN_COMMA = YES;
				CLANG_WARN_CONSTANT_CONVERSION = YES;
				CLANG_WARN_DEPRECATED_OBJC_IMPLEMENTATIONS = YES;
				CLANG_WARN_DIRECT_OBJC_ISA_USAGE = YES_ERROR;
				CLANG_WARN_DOCUMENTATION_COMMENTS = YES;
				CLANG_WARN_EMPTY_BODY = YES;
				CLANG_WARN_ENUM_CONVERSION = YES;
				CLANG_WARN_INFINITE_RECURSION = YES;
				CLANG_WARN_INT_CONVERSION = YES;
				CLANG_WARN_NON_LITERAL_NULL_CONVERSION = YES;
				CLANG_WARN_OBJC_IMPLICIT_RETAIN_SELF = YES;
				CLANG_WARN_OBJC_LITERAL_CONVERSION = YES;
				CLANG_WARN_OBJC_ROOT_CLASS = YES_ERROR;
				CLANG_WARN_RANGE_LOOP_ANALYSIS = YES;
				CLANG_WARN_STRICT_PROTOTYPES = YES;
				CLANG_WARN_SUSPICIOUS_MOVE = YES;
				CLANG_WARN_UNGUARDED_AVAILABILITY = YES_AGGRESSIVE;
				CLANG_WARN_UNREACHABLE_CODE = YES;
				CLANG_WARN__DUPLICATE_METHOD_MATCH = YES;
				CODE_SIGN_IDENTITY = "iPhone Developer";
				COPY_PHASE_STRIP = NO;
				DEBUG_INFORMATION_FORMAT = "dwarf-with-dsym";
				ENABLE_NS_ASSERTIONS = NO;
				ENABLE_STRICT_OBJC_MSGSEND = YES;
				GCC_C_LANGUAGE_STANDARD = gnu11;
				GCC_NO_COMMON_BLOCKS = YES;
				GCC_WARN_64_TO_32_BIT_CONVERSION = YES;
				GCC_WARN_ABOUT_RETURN_TYPE = YES_ERROR;
				GCC_WARN_UNDECLARED_SELECTOR = YES;
				GCC_WARN_UNINITIALIZED_AUTOS = YES_AGGRESSIVE;
				GCC_WARN_UNUSED_FUNCTION = YES;
				GCC_WARN_UNUSED_VARIABLE = YES;
				IPHONEOS_DEPLOYMENT_TARGET = 12.2;
				MTL_ENABLE_DEBUG_INFO = NO;
				MTL_FAST_MATH = YES;
				SDKROOT = iphoneos;
				SWIFT_COMPILATION_MODE = wholemodule;
				SWIFT_OPTIMIZATION_LEVEL = "-O";
				VALIDATE_PRODUCT = YES;
			};
			name = Release;
		};
		0589AA16228BF10100B04176 /* Debug */ = {
			isa = XCBuildConfiguration;
			buildSettings = {
				ASSETCATALOG_COMPILER_APPICON_NAME = AppIcon;
				CODE_SIGN_STYLE = Automatic;
				INFOPLIST_FILE = vk.pro/Info.plist;
				LD_RUNPATH_SEARCH_PATHS = (
					"$(inherited)",
					"@executable_path/Frameworks",
				);
				PRODUCT_BUNDLE_IDENTIFIER = "pro.nikota.vk-pro";
				PRODUCT_NAME = "$(TARGET_NAME)";
				SWIFT_VERSION = 5.0;
				TARGETED_DEVICE_FAMILY = "1,2";
			};
			name = Debug;
		};
		0589AA17228BF10100B04176 /* Release */ = {
			isa = XCBuildConfiguration;
			buildSettings = {
				ASSETCATALOG_COMPILER_APPICON_NAME = AppIcon;
				CODE_SIGN_STYLE = Automatic;
				INFOPLIST_FILE = vk.pro/Info.plist;
				LD_RUNPATH_SEARCH_PATHS = (
					"$(inherited)",
					"@executable_path/Frameworks",
				);
				PRODUCT_BUNDLE_IDENTIFIER = "pro.nikota.vk-pro";
				PRODUCT_NAME = "$(TARGET_NAME)";
				SWIFT_VERSION = 5.0;
				TARGETED_DEVICE_FAMILY = "1,2";
			};
			name = Release;
		};
/* End XCBuildConfiguration section */

/* Begin XCConfigurationList section */
		0589A9FE228BF0FC00B04176 /* Build configuration list for PBXProject "vk.pro" */ = {
			isa = XCConfigurationList;
			buildConfigurations = (
				0589AA13228BF10100B04176 /* Debug */,
				0589AA14228BF10100B04176 /* Release */,
			);
			defaultConfigurationIsVisible = 0;
			defaultConfigurationName = Release;
		};
		0589AA15228BF10100B04176 /* Build configuration list for PBXNativeTarget "vk.pro" */ = {
			isa = XCConfigurationList;
			buildConfigurations = (
				0589AA16228BF10100B04176 /* Debug */,
				0589AA17228BF10100B04176 /* Release */,
			);
			defaultConfigurationIsVisible = 0;
			defaultConfigurationName = Release;
		};
/* End XCConfigurationList section */
	};
	rootObject = 0589A9FB228BF0FC00B04176 /* Project object */;
}
