// !$*UTF8*$!
{
	archiveVersion = 1;
	classes = {
	};
	objectVersion = 50;
	objects = {

/* Begin PBXBuildFile section */
		050555B422973200002B0575 /* PhotoViewController.swift in Sources */ = {isa = PBXBuildFile; fileRef = 050555B322973200002B0575 /* PhotoViewController.swift */; };
		050555B62297327C002B0575 /* PhotoCell.swift in Sources */ = {isa = PBXBuildFile; fileRef = 050555B52297327C002B0575 /* PhotoCell.swift */; };
		050555BB229A975B002B0575 /* AvatarView.swift in Sources */ = {isa = PBXBuildFile; fileRef = 050555BA229A975B002B0575 /* AvatarView.swift */; };
		050555BF229AF5C9002B0575 /* LikesControl.swift in Sources */ = {isa = PBXBuildFile; fileRef = 050555BE229AF5C9002B0575 /* LikesControl.swift */; };
		0520C9EA2290113800C04D76 /* FriendsViewController.swift in Sources */ = {isa = PBXBuildFile; fileRef = 0520C9E92290113800C04D76 /* FriendsViewController.swift */; };
		0520C9EC2290129900C04D76 /* GroupViewController.swift in Sources */ = {isa = PBXBuildFile; fileRef = 0520C9EB2290129900C04D76 /* GroupViewController.swift */; };
		0520C9EF229018BF00C04D76 /* UserCell.swift in Sources */ = {isa = PBXBuildFile; fileRef = 0520C9EE229018BF00C04D76 /* UserCell.swift */; };
		0520C9F1229018E500C04D76 /* GroupCell.swift in Sources */ = {isa = PBXBuildFile; fileRef = 0520C9F0229018E500C04D76 /* GroupCell.swift */; };
		057E335722B7AB1A00E86EAB /* PhotoController.swift in Sources */ = {isa = PBXBuildFile; fileRef = 057E335622B7AB1A00E86EAB /* PhotoController.swift */; };
		057E335B22BB69C200E86EAB /* CustomAnimator.swift in Sources */ = {isa = PBXBuildFile; fileRef = 057E335A22BB69C200E86EAB /* CustomAnimator.swift */; };
		057E335D22BB845300E86EAB /* CustomNavigationController.swift in Sources */ = {isa = PBXBuildFile; fileRef = 057E335C22BB845300E86EAB /* CustomNavigationController.swift */; };
		057E335F22BCAE3D00E86EAB /* CustomRefreshControl.swift in Sources */ = {isa = PBXBuildFile; fileRef = 057E335E22BCAE3D00E86EAB /* CustomRefreshControl.swift */; };
		057E336122BD1CBD00E86EAB /* CustomInteractiveTransition.swift in Sources */ = {isa = PBXBuildFile; fileRef = 057E336022BD1CBD00E86EAB /* CustomInteractiveTransition.swift */; };
		0589AA07228BF0FC00B04176 /* AppDelegate.swift in Sources */ = {isa = PBXBuildFile; fileRef = 0589AA06228BF0FC00B04176 /* AppDelegate.swift */; };
		0589AA0C228BF0FC00B04176 /* Main.storyboard in Resources */ = {isa = PBXBuildFile; fileRef = 0589AA0A228BF0FC00B04176 /* Main.storyboard */; };
		0589AA0E228BF10100B04176 /* Assets.xcassets in Resources */ = {isa = PBXBuildFile; fileRef = 0589AA0D228BF10100B04176 /* Assets.xcassets */; };
		0589AA11228BF10100B04176 /* LaunchScreen.storyboard in Resources */ = {isa = PBXBuildFile; fileRef = 0589AA0F228BF10100B04176 /* LaunchScreen.storyboard */; };
		059E19B4229526DF00651FF2 /* GroupModel.swift in Sources */ = {isa = PBXBuildFile; fileRef = 059E19B3229526DF00651FF2 /* GroupModel.swift */; };
		059E19B72295283E00651FF2 /* UserModel.swift in Sources */ = {isa = PBXBuildFile; fileRef = 059E19B62295283E00651FF2 /* UserModel.swift */; };
		05AAE6DF22CCC59900A84E2B /* loginController.swift in Sources */ = {isa = PBXBuildFile; fileRef = 05AAE6DE22CCC59900A84E2B /* loginController.swift */; };
		05BE3AB522A950DB00A59A8D /* NewsCell.swift in Sources */ = {isa = PBXBuildFile; fileRef = 05BE3AB422A950DB00A59A8D /* NewsCell.swift */; };
		05BE3AB722A95F3300A59A8D /* NewsViewController.swift in Sources */ = {isa = PBXBuildFile; fileRef = 05BE3AB622A95F3300A59A8D /* NewsViewController.swift */; };
		05BE3ABB22AA52C200A59A8D /* NewsModel.swift in Sources */ = {isa = PBXBuildFile; fileRef = 05BE3ABA22AA52C200A59A8D /* NewsModel.swift */; };
		05BE3ADE22C556D100A59A8D /* Session.swift in Sources */ = {isa = PBXBuildFile; fileRef = 05BE3ADD22C556D100A59A8D /* Session.swift */; };
		05C76AE222D0875C0080D583 /* VKResponse.swift in Sources */ = {isa = PBXBuildFile; fileRef = 05C76AE122D0875C0080D583 /* VKResponse.swift */; };
		05C76AE422D08ABE0080D583 /* Group.swift in Sources */ = {isa = PBXBuildFile; fileRef = 05C76AE322D08ABE0080D583 /* Group.swift */; };
		05C76AE622D097AC0080D583 /* User.swift in Sources */ = {isa = PBXBuildFile; fileRef = 05C76AE522D097AC0080D583 /* User.swift */; };
		05C76AE822D0D4A80080D583 /* Photo.swift in Sources */ = {isa = PBXBuildFile; fileRef = 05C76AE722D0D4A80080D583 /* Photo.swift */; };
		F509967195732193734FE0ED /* Pods_vk_pro.framework in Frameworks */ = {isa = PBXBuildFile; fileRef = D9C2DFBA9E948AB204C7A578 /* Pods_vk_pro.framework */; };
/* End PBXBuildFile section */

/* Begin PBXFileReference section */
		050555B322973200002B0575 /* PhotoViewController.swift */ = {isa = PBXFileReference; lastKnownFileType = sourcecode.swift; path = PhotoViewController.swift; sourceTree = "<group>"; };
		050555B52297327C002B0575 /* PhotoCell.swift */ = {isa = PBXFileReference; lastKnownFileType = sourcecode.swift; path = PhotoCell.swift; sourceTree = "<group>"; };
		050555BA229A975B002B0575 /* AvatarView.swift */ = {isa = PBXFileReference; lastKnownFileType = sourcecode.swift; path = AvatarView.swift; sourceTree = "<group>"; };
		050555BE229AF5C9002B0575 /* LikesControl.swift */ = {isa = PBXFileReference; lastKnownFileType = sourcecode.swift; path = LikesControl.swift; sourceTree = "<group>"; };
		0520C9E92290113800C04D76 /* FriendsViewController.swift */ = {isa = PBXFileReference; lastKnownFileType = sourcecode.swift; path = FriendsViewController.swift; sourceTree = "<group>"; };
		0520C9EB2290129900C04D76 /* GroupViewController.swift */ = {isa = PBXFileReference; lastKnownFileType = sourcecode.swift; path = GroupViewController.swift; sourceTree = "<group>"; };
		0520C9EE229018BF00C04D76 /* UserCell.swift */ = {isa = PBXFileReference; lastKnownFileType = sourcecode.swift; path = UserCell.swift; sourceTree = "<group>"; };
		0520C9F0229018E500C04D76 /* GroupCell.swift */ = {isa = PBXFileReference; lastKnownFileType = sourcecode.swift; path = GroupCell.swift; sourceTree = "<group>"; };
		057E335622B7AB1A00E86EAB /* PhotoController.swift */ = {isa = PBXFileReference; lastKnownFileType = sourcecode.swift; path = PhotoController.swift; sourceTree = "<group>"; };
		057E335A22BB69C200E86EAB /* CustomAnimator.swift */ = {isa = PBXFileReference; lastKnownFileType = sourcecode.swift; path = CustomAnimator.swift; sourceTree = "<group>"; };
		057E335C22BB845300E86EAB /* CustomNavigationController.swift */ = {isa = PBXFileReference; lastKnownFileType = sourcecode.swift; path = CustomNavigationController.swift; sourceTree = "<group>"; };
		057E335E22BCAE3D00E86EAB /* CustomRefreshControl.swift */ = {isa = PBXFileReference; lastKnownFileType = sourcecode.swift; path = CustomRefreshControl.swift; sourceTree = "<group>"; };
		057E336022BD1CBD00E86EAB /* CustomInteractiveTransition.swift */ = {isa = PBXFileReference; lastKnownFileType = sourcecode.swift; path = CustomInteractiveTransition.swift; sourceTree = "<group>"; };
		0589AA03228BF0FC00B04176 /* vk.pro.app */ = {isa = PBXFileReference; explicitFileType = wrapper.application; includeInIndex = 0; path = vk.pro.app; sourceTree = BUILT_PRODUCTS_DIR; };
		0589AA06228BF0FC00B04176 /* AppDelegate.swift */ = {isa = PBXFileReference; lastKnownFileType = sourcecode.swift; path = AppDelegate.swift; sourceTree = "<group>"; };
		0589AA0B228BF0FC00B04176 /* Base */ = {isa = PBXFileReference; lastKnownFileType = file.storyboard; name = Base; path = Base.lproj/Main.storyboard; sourceTree = "<group>"; };
		0589AA0D228BF10100B04176 /* Assets.xcassets */ = {isa = PBXFileReference; lastKnownFileType = folder.assetcatalog; path = Assets.xcassets; sourceTree = "<group>"; };
		0589AA10228BF10100B04176 /* Base */ = {isa = PBXFileReference; lastKnownFileType = file.storyboard; name = Base; path = Base.lproj/LaunchScreen.storyboard; sourceTree = "<group>"; };
		0589AA12228BF10100B04176 /* Info.plist */ = {isa = PBXFileReference; lastKnownFileType = text.plist.xml; path = Info.plist; sourceTree = "<group>"; };
		059E19B3229526DF00651FF2 /* GroupModel.swift */ = {isa = PBXFileReference; lastKnownFileType = sourcecode.swift; path = GroupModel.swift; sourceTree = "<group>"; };
		059E19B62295283E00651FF2 /* UserModel.swift */ = {isa = PBXFileReference; lastKnownFileType = sourcecode.swift; path = UserModel.swift; sourceTree = "<group>"; };
		05AAE6DE22CCC59900A84E2B /* loginController.swift */ = {isa = PBXFileReference; lastKnownFileType = sourcecode.swift; path = loginController.swift; sourceTree = "<group>"; };
		05BE3AB422A950DB00A59A8D /* NewsCell.swift */ = {isa = PBXFileReference; lastKnownFileType = sourcecode.swift; path = NewsCell.swift; sourceTree = "<group>"; };
		05BE3AB622A95F3300A59A8D /* NewsViewController.swift */ = {isa = PBXFileReference; lastKnownFileType = sourcecode.swift; path = NewsViewController.swift; sourceTree = "<group>"; };
		05BE3ABA22AA52C200A59A8D /* NewsModel.swift */ = {isa = PBXFileReference; lastKnownFileType = sourcecode.swift; path = NewsModel.swift; sourceTree = "<group>"; };
		05BE3ADD22C556D100A59A8D /* Session.swift */ = {isa = PBXFileReference; lastKnownFileType = sourcecode.swift; path = Session.swift; sourceTree = "<group>"; };
		05C76AE122D0875C0080D583 /* VKResponse.swift */ = {isa = PBXFileReference; lastKnownFileType = sourcecode.swift; path = VKResponse.swift; sourceTree = "<group>"; };
		05C76AE322D08ABE0080D583 /* Group.swift */ = {isa = PBXFileReference; lastKnownFileType = sourcecode.swift; path = Group.swift; sourceTree = "<group>"; };
		05C76AE522D097AC0080D583 /* User.swift */ = {isa = PBXFileReference; lastKnownFileType = sourcecode.swift; path = User.swift; sourceTree = "<group>"; };
		05C76AE722D0D4A80080D583 /* Photo.swift */ = {isa = PBXFileReference; lastKnownFileType = sourcecode.swift; path = Photo.swift; sourceTree = "<group>"; };
		31374E6F434545D0DE0EC3AB /* Pods-vk.pro.debug.xcconfig */ = {isa = PBXFileReference; includeInIndex = 1; lastKnownFileType = text.xcconfig; name = "Pods-vk.pro.debug.xcconfig"; path = "Target Support Files/Pods-vk.pro/Pods-vk.pro.debug.xcconfig"; sourceTree = "<group>"; };
		D9C2DFBA9E948AB204C7A578 /* Pods_vk_pro.framework */ = {isa = PBXFileReference; explicitFileType = wrapper.framework; includeInIndex = 0; path = Pods_vk_pro.framework; sourceTree = BUILT_PRODUCTS_DIR; };
		E2E5DA56CD3F5854C13C0762 /* Pods-vk.pro.release.xcconfig */ = {isa = PBXFileReference; includeInIndex = 1; lastKnownFileType = text.xcconfig; name = "Pods-vk.pro.release.xcconfig"; path = "Target Support Files/Pods-vk.pro/Pods-vk.pro.release.xcconfig"; sourceTree = "<group>"; };
/* End PBXFileReference section */

/* Begin PBXFrameworksBuildPhase section */
		0589AA00228BF0FC00B04176 /* Frameworks */ = {
			isa = PBXFrameworksBuildPhase;
			buildActionMask = 2147483647;
			files = (
				F509967195732193734FE0ED /* Pods_vk_pro.framework in Frameworks */,
			);
			runOnlyForDeploymentPostprocessing = 0;
		};
/* End PBXFrameworksBuildPhase section */

/* Begin PBXGroup section */
		050555B9229A94FE002B0575 /* Views */ = {
			isa = PBXGroup;
			children = (
				050555BA229A975B002B0575 /* AvatarView.swift */,
			);
			path = Views;
			sourceTree = "<group>";
		};
		0520C9ED229012B400C04D76 /* Controllers */ = {
			isa = PBXGroup;
			children = (
				0520C9EB2290129900C04D76 /* GroupViewController.swift */,
				0520C9E92290113800C04D76 /* FriendsViewController.swift */,
				050555B322973200002B0575 /* PhotoViewController.swift */,
				05BE3AB622A95F3300A59A8D /* NewsViewController.swift */,
				057E335622B7AB1A00E86EAB /* PhotoController.swift */,
				05AAE6DE22CCC59900A84E2B /* loginController.swift */,
			);
			path = Controllers;
			sourceTree = "<group>";
		};
		0520C9F2229019E200C04D76 /* Cells */ = {
			isa = PBXGroup;
			children = (
				0520C9EE229018BF00C04D76 /* UserCell.swift */,
				0520C9F0229018E500C04D76 /* GroupCell.swift */,
				050555B52297327C002B0575 /* PhotoCell.swift */,
				05BE3AB422A950DB00A59A8D /* NewsCell.swift */,
			);
			path = Cells;
			sourceTree = "<group>";
		};
		057E335922BB694700E86EAB /* Transitions */ = {
			isa = PBXGroup;
			children = (
				057E335A22BB69C200E86EAB /* CustomAnimator.swift */,
				057E335C22BB845300E86EAB /* CustomNavigationController.swift */,
				057E336022BD1CBD00E86EAB /* CustomInteractiveTransition.swift */,
			);
			path = Transitions;
			sourceTree = "<group>";
		};
		0589A9FA228BF0FC00B04176 = {
			isa = PBXGroup;
			children = (
				0589AA05228BF0FC00B04176 /* vk.pro */,
				0589AA04228BF0FC00B04176 /* Products */,
				9B6EC7176E58367B43B0FCEC /* Pods */,
				740B0CDA377D1B05903178B2 /* Frameworks */,
			);
			sourceTree = "<group>";
		};
		0589AA04228BF0FC00B04176 /* Products */ = {
			isa = PBXGroup;
			children = (
				0589AA03228BF0FC00B04176 /* vk.pro.app */,
			);
			name = Products;
			sourceTree = "<group>";
		};
		0589AA05228BF0FC00B04176 /* vk.pro */ = {
			isa = PBXGroup;
			children = (
				05C76ADE22D075FD0080D583 /* VKObjects */,
				05BE3ADC22C5557200A59A8D /* Controls */,
				057E335922BB694700E86EAB /* Transitions */,
				0589AA06228BF0FC00B04176 /* AppDelegate.swift */,
				050555B9229A94FE002B0575 /* Views */,
				059E19B52295275700651FF2 /* Models */,
				0520C9F2229019E200C04D76 /* Cells */,
				0520C9ED229012B400C04D76 /* Controllers */,
				0589AA0D228BF10100B04176 /* Assets.xcassets */,
				0589AA0A228BF0FC00B04176 /* Main.storyboard */,
				0589AA0F228BF10100B04176 /* LaunchScreen.storyboard */,
				0589AA12228BF10100B04176 /* Info.plist */,
				05BE3ADD22C556D100A59A8D /* Session.swift */,
			);
			path = vk.pro;
			sourceTree = "<group>";
		};
		059E19B52295275700651FF2 /* Models */ = {
			isa = PBXGroup;
			children = (
				05BE3ABA22AA52C200A59A8D /* NewsModel.swift */,
				059E19B3229526DF00651FF2 /* GroupModel.swift */,
				059E19B62295283E00651FF2 /* UserModel.swift */,
			);
			path = Models;
			sourceTree = "<group>";
		};
		05BE3ADC22C5557200A59A8D /* Controls */ = {
			isa = PBXGroup;
			children = (
				050555BE229AF5C9002B0575 /* LikesControl.swift */,
				057E335E22BCAE3D00E86EAB /* CustomRefreshControl.swift */,
			);
			path = Controls;
			sourceTree = "<group>";
		};
		05C76ADE22D075FD0080D583 /* VKObjects */ = {
			isa = PBXGroup;
			children = (
				05C76AE122D0875C0080D583 /* VKResponse.swift */,
				05C76AE322D08ABE0080D583 /* Group.swift */,
				05C76AE522D097AC0080D583 /* User.swift */,
				05C76AE722D0D4A80080D583 /* Photo.swift */,
			);
			path = VKObjects;
			sourceTree = "<group>";
		};
		740B0CDA377D1B05903178B2 /* Frameworks */ = {
			isa = PBXGroup;
			children = (
				D9C2DFBA9E948AB204C7A578 /* Pods_vk_pro.framework */,
			);
			name = Frameworks;
			sourceTree = "<group>";
		};
		9B6EC7176E58367B43B0FCEC /* Pods */ = {
			isa = PBXGroup;
			children = (
				31374E6F434545D0DE0EC3AB /* Pods-vk.pro.debug.xcconfig */,
				E2E5DA56CD3F5854C13C0762 /* Pods-vk.pro.release.xcconfig */,
			);
			path = Pods;
			sourceTree = "<group>";
		};
/* End PBXGroup section */

/* Begin PBXNativeTarget section */
		0589AA02228BF0FC00B04176 /* vk.pro */ = {
			isa = PBXNativeTarget;
			buildConfigurationList = 0589AA15228BF10100B04176 /* Build configuration list for PBXNativeTarget "vk.pro" */;
			buildPhases = (
				3771B0B50BFBA0ED44362605 /* [CP] Check Pods Manifest.lock */,
				0589A9FF228BF0FC00B04176 /* Sources */,
				0589AA00228BF0FC00B04176 /* Frameworks */,
				0589AA01228BF0FC00B04176 /* Resources */,
				C82A7FE0BC1FE055B56E17CC /* [CP] Embed Pods Frameworks */,
			);
			buildRules = (
			);
			dependencies = (
			);
			name = vk.pro;
			productName = vk.pro;
			productReference = 0589AA03228BF0FC00B04176 /* vk.pro.app */;
			productType = "com.apple.product-type.application";
		};
/* End PBXNativeTarget section */

/* Begin PBXProject section */
		0589A9FB228BF0FC00B04176 /* Project object */ = {
			isa = PBXProject;
			attributes = {
				LastSwiftUpdateCheck = 1020;
				LastUpgradeCheck = 1020;
				ORGANIZATIONNAME = Nikota;
				TargetAttributes = {
					0589AA02228BF0FC00B04176 = {
						CreatedOnToolsVersion = 10.2.1;
					};
				};
			};
			buildConfigurationList = 0589A9FE228BF0FC00B04176 /* Build configuration list for PBXProject "vk.pro" */;
			compatibilityVersion = "Xcode 9.3";
			developmentRegion = en;
			hasScannedForEncodings = 0;
			knownRegions = (
				en,
				Base,
			);
			mainGroup = 0589A9FA228BF0FC00B04176;
			productRefGroup = 0589AA04228BF0FC00B04176 /* Products */;
			projectDirPath = "";
			projectRoot = "";
			targets = (
				0589AA02228BF0FC00B04176 /* vk.pro */,
			);
		};
/* End PBXProject section */

/* Begin PBXResourcesBuildPhase section */
		0589AA01228BF0FC00B04176 /* Resources */ = {
			isa = PBXResourcesBuildPhase;
			buildActionMask = 2147483647;
			files = (
				0589AA11228BF10100B04176 /* LaunchScreen.storyboard in Resources */,
				0589AA0E228BF10100B04176 /* Assets.xcassets in Resources */,
				0589AA0C228BF0FC00B04176 /* Main.storyboard in Resources */,
			);
			runOnlyForDeploymentPostprocessing = 0;
		};
/* End PBXResourcesBuildPhase section */

/* Begin PBXShellScriptBuildPhase section */
		3771B0B50BFBA0ED44362605 /* [CP] Check Pods Manifest.lock */ = {
			isa = PBXShellScriptBuildPhase;
			buildActionMask = 2147483647;
			files = (
			);
			inputFileListPaths = (
			);
			inputPaths = (
				"${PODS_PODFILE_DIR_PATH}/Podfile.lock",
				"${PODS_ROOT}/Manifest.lock",
			);
			name = "[CP] Check Pods Manifest.lock";
			outputFileListPaths = (
			);
			outputPaths = (
				"$(DERIVED_FILE_DIR)/Pods-vk.pro-checkManifestLockResult.txt",
			);
			runOnlyForDeploymentPostprocessing = 0;
			shellPath = /bin/sh;
			shellScript = "diff \"${PODS_PODFILE_DIR_PATH}/Podfile.lock\" \"${PODS_ROOT}/Manifest.lock\" > /dev/null\nif [ $? != 0 ] ; then\n    # print error to STDERR\n    echo \"error: The sandbox is not in sync with the Podfile.lock. Run 'pod install' or update your CocoaPods installation.\" >&2\n    exit 1\nfi\n# This output is used by Xcode 'outputs' to avoid re-running this script phase.\necho \"SUCCESS\" > \"${SCRIPT_OUTPUT_FILE_0}\"\n";
			showEnvVarsInLog = 0;
		};
		C82A7FE0BC1FE055B56E17CC /* [CP] Embed Pods Frameworks */ = {
			isa = PBXShellScriptBuildPhase;
			buildActionMask = 2147483647;
			files = (
			);
			inputFileListPaths = (
			);
			inputPaths = (
				"${PODS_ROOT}/Target Support Files/Pods-vk.pro/Pods-vk.pro-frameworks.sh",
				"${BUILT_PRODUCTS_DIR}/Alamofire/Alamofire.framework",
				"${BUILT_PRODUCTS_DIR}/AlamofireObjectMapper/AlamofireObjectMapper.framework",
				"${BUILT_PRODUCTS_DIR}/ObjectMapper/ObjectMapper.framework",
				"${BUILT_PRODUCTS_DIR}/SDWebImage/SDWebImage.framework",
				"${BUILT_PRODUCTS_DIR}/SwiftKeychainWrapper/SwiftKeychainWrapper.framework",
			);
			name = "[CP] Embed Pods Frameworks";
			outputFileListPaths = (
			);
			outputPaths = (
				"${TARGET_BUILD_DIR}/${FRAMEWORKS_FOLDER_PATH}/Alamofire.framework",
				"${TARGET_BUILD_DIR}/${FRAMEWORKS_FOLDER_PATH}/AlamofireObjectMapper.framework",
				"${TARGET_BUILD_DIR}/${FRAMEWORKS_FOLDER_PATH}/ObjectMapper.framework",
				"${TARGET_BUILD_DIR}/${FRAMEWORKS_FOLDER_PATH}/SDWebImage.framework",
				"${TARGET_BUILD_DIR}/${FRAMEWORKS_FOLDER_PATH}/SwiftKeychainWrapper.framework",
			);
			runOnlyForDeploymentPostprocessing = 0;
			shellPath = /bin/sh;
			shellScript = "\"${PODS_ROOT}/Target Support Files/Pods-vk.pro/Pods-vk.pro-frameworks.sh\"\n";
			showEnvVarsInLog = 0;
		};
/* End PBXShellScriptBuildPhase section */

/* Begin PBXSourcesBuildPhase section */
		0589A9FF228BF0FC00B04176 /* Sources */ = {
			isa = PBXSourcesBuildPhase;
			buildActionMask = 2147483647;
			files = (
				059E19B4229526DF00651FF2 /* GroupModel.swift in Sources */,
				050555BB229A975B002B0575 /* AvatarView.swift in Sources */,
				057E336122BD1CBD00E86EAB /* CustomInteractiveTransition.swift in Sources */,
				05C76AE622D097AC0080D583 /* User.swift in Sources */,
				05C76AE422D08ABE0080D583 /* Group.swift in Sources */,
				059E19B72295283E00651FF2 /* UserModel.swift in Sources */,
				05C76AE822D0D4A80080D583 /* Photo.swift in Sources */,
				05BE3AB722A95F3300A59A8D /* NewsViewController.swift in Sources */,
				057E335F22BCAE3D00E86EAB /* CustomRefreshControl.swift in Sources */,
				05C76AE222D0875C0080D583 /* VKResponse.swift in Sources */,
				0520C9EC2290129900C04D76 /* GroupViewController.swift in Sources */,
				05BE3AB522A950DB00A59A8D /* NewsCell.swift in Sources */,
				050555BF229AF5C9002B0575 /* LikesControl.swift in Sources */,
				05BE3ABB22AA52C200A59A8D /* NewsModel.swift in Sources */,
				0520C9EF229018BF00C04D76 /* UserCell.swift in Sources */,
				0520C9F1229018E500C04D76 /* GroupCell.swift in Sources */,
				057E335B22BB69C200E86EAB /* CustomAnimator.swift in Sources */,
				0520C9EA2290113800C04D76 /* FriendsViewController.swift in Sources */,
				0589AA07228BF0FC00B04176 /* AppDelegate.swift in Sources */,
				057E335722B7AB1A00E86EAB /* PhotoController.swift in Sources */,
				05AAE6DF22CCC59900A84E2B /* loginController.swift in Sources */,
				05BE3ADE22C556D100A59A8D /* Session.swift in Sources */,
				050555B422973200002B0575 /* PhotoViewController.swift in Sources */,
				057E335D22BB845300E86EAB /* CustomNavigationController.swift in Sources */,
				050555B62297327C002B0575 /* PhotoCell.swift in Sources */,
			);
			runOnlyForDeploymentPostprocessing = 0;
		};
/* End PBXSourcesBuildPhase section */

/* Begin PBXVariantGroup section */
		0589AA0A228BF0FC00B04176 /* Main.storyboard */ = {
			isa = PBXVariantGroup;
			children = (
				0589AA0B228BF0FC00B04176 /* Base */,
			);
			name = Main.storyboard;
			sourceTree = "<group>";
		};
		0589AA0F228BF10100B04176 /* LaunchScreen.storyboard */ = {
			isa = PBXVariantGroup;
			children = (
				0589AA10228BF10100B04176 /* Base */,
			);
			name = LaunchScreen.storyboard;
			sourceTree = "<group>";
		};
/* End PBXVariantGroup section */

/* Begin XCBuildConfiguration section */
		0589AA13228BF10100B04176 /* Debug */ = {
			isa = XCBuildConfiguration;
			buildSettings = {
				ALWAYS_SEARCH_USER_PATHS = NO;
				CLANG_ANALYZER_NONNULL = YES;
				CLANG_ANALYZER_NUMBER_OBJECT_CONVERSION = YES_AGGRESSIVE;
				CLANG_CXX_LANGUAGE_STANDARD = "gnu++14";
				CLANG_CXX_LIBRARY = "libc++";
				CLANG_ENABLE_MODULES = YES;
				CLANG_ENABLE_OBJC_ARC = YES;
				CLANG_ENABLE_OBJC_WEAK = YES;
				CLANG_WARN_BLOCK_CAPTURE_AUTORELEASING = YES;
				CLANG_WARN_BOOL_CONVERSION = YES;
				CLANG_WARN_COMMA = YES;
				CLANG_WARN_CONSTANT_CONVERSION = YES;
				CLANG_WARN_DEPRECATED_OBJC_IMPLEMENTATIONS = YES;
				CLANG_WARN_DIRECT_OBJC_ISA_USAGE = YES_ERROR;
				CLANG_WARN_DOCUMENTATION_COMMENTS = YES;
				CLANG_WARN_EMPTY_BODY = YES;
				CLANG_WARN_ENUM_CONVERSION = YES;
				CLANG_WARN_INFINITE_RECURSION = YES;
				CLANG_WARN_INT_CONVERSION = YES;
				CLANG_WARN_NON_LITERAL_NULL_CONVERSION = YES;
				CLANG_WARN_OBJC_IMPLICIT_RETAIN_SELF = YES;
				CLANG_WARN_OBJC_LITERAL_CONVERSION = YES;
				CLANG_WARN_OBJC_ROOT_CLASS = YES_ERROR;
				CLANG_WARN_RANGE_LOOP_ANALYSIS = YES;
				CLANG_WARN_STRICT_PROTOTYPES = YES;
				CLANG_WARN_SUSPICIOUS_MOVE = YES;
				CLANG_WARN_UNGUARDED_AVAILABILITY = YES_AGGRESSIVE;
				CLANG_WARN_UNREACHABLE_CODE = YES;
				CLANG_WARN__DUPLICATE_METHOD_MATCH = YES;
				CODE_SIGN_IDENTITY = "iPhone Developer";
				COPY_PHASE_STRIP = NO;
				DEBUG_INFORMATION_FORMAT = dwarf;
				ENABLE_STRICT_OBJC_MSGSEND = YES;
				ENABLE_TESTABILITY = YES;
				GCC_C_LANGUAGE_STANDARD = gnu11;
				GCC_DYNAMIC_NO_PIC = NO;
				GCC_NO_COMMON_BLOCKS = YES;
				GCC_OPTIMIZATION_LEVEL = 0;
				GCC_PREPROCESSOR_DEFINITIONS = (
					"DEBUG=1",
					"$(inherited)",
				);
				GCC_WARN_64_TO_32_BIT_CONVERSION = YES;
				GCC_WARN_ABOUT_RETURN_TYPE = YES_ERROR;
				GCC_WARN_UNDECLARED_SELECTOR = YES;
				GCC_WARN_UNINITIALIZED_AUTOS = YES_AGGRESSIVE;
				GCC_WARN_UNUSED_FUNCTION = YES;
				GCC_WARN_UNUSED_VARIABLE = YES;
				IPHONEOS_DEPLOYMENT_TARGET = 12.2;
				MTL_ENABLE_DEBUG_INFO = INCLUDE_SOURCE;
				MTL_FAST_MATH = YES;
				ONLY_ACTIVE_ARCH = YES;
				SDKROOT = iphoneos;
				SWIFT_ACTIVE_COMPILATION_CONDITIONS = DEBUG;
				SWIFT_OPTIMIZATION_LEVEL = "-Onone";
			};
			name = Debug;
		};
		0589AA14228BF10100B04176 /* Release */ = {
			isa = XCBuildConfiguration;
			buildSettings = {
				ALWAYS_SEARCH_USER_PATHS = NO;
				CLANG_ANALYZER_NONNULL = YES;
				CLANG_ANALYZER_NUMBER_OBJECT_CONVERSION = YES_AGGRESSIVE;
				CLANG_CXX_LANGUAGE_STANDARD = "gnu++14";
				CLANG_CXX_LIBRARY = "libc++";
				CLANG_ENABLE_MODULES = YES;
				CLANG_ENABLE_OBJC_ARC = YES;
				CLANG_ENABLE_OBJC_WEAK = YES;
				CLANG_WARN_BLOCK_CAPTURE_AUTORELEASING = YES;
				CLANG_WARN_BOOL_CONVERSION = YES;
				CLANG_WARN_COMMA = YES;
				CLANG_WARN_CONSTANT_CONVERSION = YES;
				CLANG_WARN_DEPRECATED_OBJC_IMPLEMENTATIONS = YES;
				CLANG_WARN_DIRECT_OBJC_ISA_USAGE = YES_ERROR;
				CLANG_WARN_DOCUMENTATION_COMMENTS = YES;
				CLANG_WARN_EMPTY_BODY = YES;
				CLANG_WARN_ENUM_CONVERSION = YES;
				CLANG_WARN_INFINITE_RECURSION = YES;
				CLANG_WARN_INT_CONVERSION = YES;
				CLANG_WARN_NON_LITERAL_NULL_CONVERSION = YES;
				CLANG_WARN_OBJC_IMPLICIT_RETAIN_SELF = YES;
				CLANG_WARN_OBJC_LITERAL_CONVERSION = YES;
				CLANG_WARN_OBJC_ROOT_CLASS = YES_ERROR;
				CLANG_WARN_RANGE_LOOP_ANALYSIS = YES;
				CLANG_WARN_STRICT_PROTOTYPES = YES;
				CLANG_WARN_SUSPICIOUS_MOVE = YES;
				CLANG_WARN_UNGUARDED_AVAILABILITY = YES_AGGRESSIVE;
				CLANG_WARN_UNREACHABLE_CODE = YES;
				CLANG_WARN__DUPLICATE_METHOD_MATCH = YES;
				CODE_SIGN_IDENTITY = "iPhone Developer";
				COPY_PHASE_STRIP = NO;
				DEBUG_INFORMATION_FORMAT = "dwarf-with-dsym";
				ENABLE_NS_ASSERTIONS = NO;
				ENABLE_STRICT_OBJC_MSGSEND = YES;
				GCC_C_LANGUAGE_STANDARD = gnu11;
				GCC_NO_COMMON_BLOCKS = YES;
				GCC_WARN_64_TO_32_BIT_CONVERSION = YES;
				GCC_WARN_ABOUT_RETURN_TYPE = YES_ERROR;
				GCC_WARN_UNDECLARED_SELECTOR = YES;
				GCC_WARN_UNINITIALIZED_AUTOS = YES_AGGRESSIVE;
				GCC_WARN_UNUSED_FUNCTION = YES;
				GCC_WARN_UNUSED_VARIABLE = YES;
				IPHONEOS_DEPLOYMENT_TARGET = 12.2;
				MTL_ENABLE_DEBUG_INFO = NO;
				MTL_FAST_MATH = YES;
				SDKROOT = iphoneos;
				SWIFT_COMPILATION_MODE = wholemodule;
				SWIFT_OPTIMIZATION_LEVEL = "-O";
				VALIDATE_PRODUCT = YES;
			};
			name = Release;
		};
		0589AA16228BF10100B04176 /* Debug */ = {
			isa = XCBuildConfiguration;
			baseConfigurationReference = 31374E6F434545D0DE0EC3AB /* Pods-vk.pro.debug.xcconfig */;
			buildSettings = {
				ASSETCATALOG_COMPILER_APPICON_NAME = AppIcon;
				CODE_SIGN_STYLE = Automatic;
				DEVELOPMENT_TEAM = 62HUZD2CF2;
				INFOPLIST_FILE = vk.pro/Info.plist;
				LD_RUNPATH_SEARCH_PATHS = (
					"$(inherited)",
					"@executable_path/Frameworks",
				);
				PRODUCT_BUNDLE_IDENTIFIER = "pro.nikota.vk-pro";
				PRODUCT_NAME = "$(TARGET_NAME)";
				SWIFT_VERSION = 5.0;
				TARGETED_DEVICE_FAMILY = "1,2";
			};
			name = Debug;
		};
		0589AA17228BF10100B04176 /* Release */ = {
			isa = XCBuildConfiguration;
			baseConfigurationReference = E2E5DA56CD3F5854C13C0762 /* Pods-vk.pro.release.xcconfig */;
			buildSettings = {
				ASSETCATALOG_COMPILER_APPICON_NAME = AppIcon;
				CODE_SIGN_STYLE = Automatic;
				DEVELOPMENT_TEAM = 62HUZD2CF2;
				INFOPLIST_FILE = vk.pro/Info.plist;
				LD_RUNPATH_SEARCH_PATHS = (
					"$(inherited)",
					"@executable_path/Frameworks",
				);
				PRODUCT_BUNDLE_IDENTIFIER = "pro.nikota.vk-pro";
				PRODUCT_NAME = "$(TARGET_NAME)";
				SWIFT_VERSION = 5.0;
				TARGETED_DEVICE_FAMILY = "1,2";
			};
			name = Release;
		};
/* End XCBuildConfiguration section */

/* Begin XCConfigurationList section */
		0589A9FE228BF0FC00B04176 /* Build configuration list for PBXProject "vk.pro" */ = {
			isa = XCConfigurationList;
			buildConfigurations = (
				0589AA13228BF10100B04176 /* Debug */,
				0589AA14228BF10100B04176 /* Release */,
			);
			defaultConfigurationIsVisible = 0;
			defaultConfigurationName = Release;
		};
		0589AA15228BF10100B04176 /* Build configuration list for PBXNativeTarget "vk.pro" */ = {
			isa = XCConfigurationList;
			buildConfigurations = (
				0589AA16228BF10100B04176 /* Debug */,
				0589AA17228BF10100B04176 /* Release */,
			);
			defaultConfigurationIsVisible = 0;
			defaultConfigurationName = Release;
		};
/* End XCConfigurationList section */
	};
	rootObject = 0589A9FB228BF0FC00B04176 /* Project object */;
}
